# This file is automatically @generated by Cargo.
# It is not intended for manual editing.
version = 4

[[package]]
name = "reltide-api"
version = "0.0.0"
dependencies = [
 "reltide-domain",
]

[[package]]
name = "reltide-domain"
version = "0.0.0"

[[package]]
name = "reltide-worker"
version = "0.0.0"
dependencies = [
 "reltide-domain",
]
